{
  "name": "ogp-me-app",
  "version": "1.0.0",
  "lockfileVersion": 2,
  "requires": true,
  "packages": {
    "": {
      "name": "ogp-me-app",
      "version": "1.0.0",
      "license": "ISC",
      "dependencies": {
        "@silverbirder/ogp-me": "^0.0.1"
      }
    },
    "node_modules/@silverbirder/ogp-me": {
      "version": "0.0.1",
      "resolved": "https://registry.npmjs.org/@silverbirder/ogp-me/-/ogp-me-0.0.1.tgz",
      "integrity": "sha512-+EFUMBl+VcwQjJIz6cFxbVc8g97YudmmZdP6JZwKYIUV/Lky0lxfuSBFfaa1BGUchjMrjEuJyFilti5NhoJ9hA=="
    }
  },
  "dependencies": {
    "@silverbirder/ogp-me": {
      "version": "0.0.1",
      "resolved": "https://registry.npmjs.org/@silverbirder/ogp-me/-/ogp-me-0.0.1.tgz",
      "integrity": "sha512-+EFUMBl+VcwQjJIz6cFxbVc8g97YudmmZdP6JZwKYIUV/Lky0lxfuSBFfaa1BGUchjMrjEuJyFilti5NhoJ9hA=="
    }
  }
}
